// !$*UTF8*$!
{
	archiveVersion = 1;
	classes = {
	};
	objectVersion = 46;
	objects = {

/* Begin PBXBuildFile section */
		294257691F431FB40045A9DF /* ExampleTableViewController.swift in Sources */ = {isa = PBXBuildFile; fileRef = 294257681F431FB40045A9DF /* ExampleTableViewController.swift */; };
		299AEF9F1F3DF1D1004D5E82 /* AppDelegate.swift in Sources */ = {isa = PBXBuildFile; fileRef = 299AEF9E1F3DF1D1004D5E82 /* AppDelegate.swift */; };
		299AEFA41F3DF1D1004D5E82 /* Main.storyboard in Resources */ = {isa = PBXBuildFile; fileRef = 299AEFA21F3DF1D1004D5E82 /* Main.storyboard */; };
		299AEFA61F3DF1D1004D5E82 /* Assets.xcassets in Resources */ = {isa = PBXBuildFile; fileRef = 299AEFA51F3DF1D1004D5E82 /* Assets.xcassets */; };
		299AEFA91F3DF1D1004D5E82 /* LaunchScreen.storyboard in Resources */ = {isa = PBXBuildFile; fileRef = 299AEFA71F3DF1D1004D5E82 /* LaunchScreen.storyboard */; };
		299AEFB21F3DF217004D5E82 /* ScheduledLocationManager.swift in Sources */ = {isa = PBXBuildFile; fileRef = 299AEFB11F3DF217004D5E82 /* ScheduledLocationManager.swift */; };
		29A0E8E81F44319000A30627 /* ABScheduledLocationManager.podspec in Resources */ = {isa = PBXBuildFile; fileRef = 29A0E8E51F44319000A30627 /* ABScheduledLocationManager.podspec */; };
		29A0E8E91F44319000A30627 /* LICENSE in Resources */ = {isa = PBXBuildFile; fileRef = 29A0E8E61F44319000A30627 /* LICENSE */; };
		29A0E8EA1F44319000A30627 /* README.md in Sources */ = {isa = PBXBuildFile; fileRef = 29A0E8E71F44319000A30627 /* README.md */; };
/* End PBXBuildFile section */

/* Begin PBXFileReference section */
		294257681F431FB40045A9DF /* ExampleTableViewController.swift */ = {isa = PBXFileReference; fileEncoding = 4; lastKnownFileType = sourcecode.swift; path = ExampleTableViewController.swift; sourceTree = "<group>"; };
		299AEF9B1F3DF1D1004D5E82 /* ABScheduledLocationManager.app */ = {isa = PBXFileReference; explicitFileType = wrapper.application; includeInIndex = 0; path = ABScheduledLocationManager.app; sourceTree = BUILT_PRODUCTS_DIR; };
		299AEF9E1F3DF1D1004D5E82 /* AppDelegate.swift */ = {isa = PBXFileReference; lastKnownFileType = sourcecode.swift; path = AppDelegate.swift; sourceTree = "<group>"; };
		299AEFA31F3DF1D1004D5E82 /* Base */ = {isa = PBXFileReference; lastKnownFileType = file.storyboard; name = Base; path = Base.lproj/Main.storyboard; sourceTree = "<group>"; };
		299AEFA51F3DF1D1004D5E82 /* Assets.xcassets */ = {isa = PBXFileReference; lastKnownFileType = folder.assetcatalog; path = Assets.xcassets; sourceTree = "<group>"; };
		299AEFA81F3DF1D1004D5E82 /* Base */ = {isa = PBXFileReference; lastKnownFileType = file.storyboard; name = Base; path = Base.lproj/LaunchScreen.storyboard; sourceTree = "<group>"; };
		299AEFAA1F3DF1D1004D5E82 /* Info.plist */ = {isa = PBXFileReference; lastKnownFileType = text.plist.xml; path = Info.plist; sourceTree = "<group>"; };
		299AEFB11F3DF217004D5E82 /* ScheduledLocationManager.swift */ = {isa = PBXFileReference; fileEncoding = 4; lastKnownFileType = sourcecode.swift; path = ScheduledLocationManager.swift; sourceTree = "<group>"; };
		29A0E8E51F44319000A30627 /* ABScheduledLocationManager.podspec */ = {isa = PBXFileReference; fileEncoding = 4; lastKnownFileType = text; path = ABScheduledLocationManager.podspec; sourceTree = "<group>"; };
		29A0E8E61F44319000A30627 /* LICENSE */ = {isa = PBXFileReference; fileEncoding = 4; lastKnownFileType = text; path = LICENSE; sourceTree = "<group>"; };
		29A0E8E71F44319000A30627 /* README.md */ = {isa = PBXFileReference; fileEncoding = 4; lastKnownFileType = net.daringfireball.markdown; path = README.md; sourceTree = "<group>"; };
/* End PBXFileReference section */

/* Begin PBXFrameworksBuildPhase section */
		299AEF981F3DF1D1004D5E82 /* Frameworks */ = {
			isa = PBXFrameworksBuildPhase;
			buildActionMask = 2147483647;
			files = (
			);
			runOnlyForDeploymentPostprocessing = 0;
		};
/* End PBXFrameworksBuildPhase section */

/* Begin PBXGroup section */
		299AEF921F3DF1D1004D5E82 = {
			isa = PBXGroup;
			children = (
				29A0E8E51F44319000A30627 /* ABScheduledLocationManager.podspec */,
				29A0E8E61F44319000A30627 /* LICENSE */,
				29A0E8E71F44319000A30627 /* README.md */,
				299AEF9D1F3DF1D1004D5E82 /* ABScheduledLocationManager */,
				299AEF9C1F3DF1D1004D5E82 /* Products */,
			);
			sourceTree = "<group>";
		};
		299AEF9C1F3DF1D1004D5E82 /* Products */ = {
			isa = PBXGroup;
			children = (
				299AEF9B1F3DF1D1004D5E82 /* ABScheduledLocationManager.app */,
			);
			name = Products;
			sourceTree = "<group>";
		};
		299AEF9D1F3DF1D1004D5E82 /* ABScheduledLocationManager */ = {
			isa = PBXGroup;
			children = (
				299AEFB01F3DF1DE004D5E82 /* Source */,
				299AEF9E1F3DF1D1004D5E82 /* AppDelegate.swift */,
				294257681F431FB40045A9DF /* ExampleTableViewController.swift */,
				299AEFA21F3DF1D1004D5E82 /* Main.storyboard */,
				299AEFA51F3DF1D1004D5E82 /* Assets.xcassets */,
				299AEFA71F3DF1D1004D5E82 /* LaunchScreen.storyboard */,
				299AEFAA1F3DF1D1004D5E82 /* Info.plist */,
			);
			path = ABScheduledLocationManager;
			sourceTree = "<group>";
		};
		299AEFB01F3DF1DE004D5E82 /* Source */ = {
			isa = PBXGroup;
			children = (
				299AEFB11F3DF217004D5E82 /* ScheduledLocationManager.swift */,
			);
			path = Source;
			sourceTree = "<group>";
		};
/* End PBXGroup section */

/* Begin PBXNativeTarget section */
		299AEF9A1F3DF1D1004D5E82 /* ABScheduledLocationManager */ = {
			isa = PBXNativeTarget;
			buildConfigurationList = 299AEFAD1F3DF1D1004D5E82 /* Build configuration list for PBXNativeTarget "ABScheduledLocationManager" */;
			buildPhases = (
				299AEF971F3DF1D1004D5E82 /* Sources */,
				299AEF981F3DF1D1004D5E82 /* Frameworks */,
				299AEF991F3DF1D1004D5E82 /* Resources */,
			);
			buildRules = (
			);
			dependencies = (
			);
			name = ABScheduledLocationManager;
			productName = ABScheduledLocationManager;
			productReference = 299AEF9B1F3DF1D1004D5E82 /* ABScheduledLocationManager.app */;
			productType = "com.apple.product-type.application";
		};
/* End PBXNativeTarget section */

/* Begin PBXProject section */
		299AEF931F3DF1D1004D5E82 /* Project object */ = {
			isa = PBXProject;
			attributes = {
				LastSwiftUpdateCheck = 0830;
				LastUpgradeCheck = 0830;
				ORGANIZATIONNAME = "Asif Bilal";
				TargetAttributes = {
					299AEF9A1F3DF1D1004D5E82 = {
						CreatedOnToolsVersion = 8.3.3;
						ProvisioningStyle = Automatic;
						SystemCapabilities = {
							com.apple.BackgroundModes = {
								enabled = 1;
							};
						};
					};
				};
			};
			buildConfigurationList = 299AEF961F3DF1D1004D5E82 /* Build configuration list for PBXProject "ABScheduledLocationManager" */;
			compatibilityVersion = "Xcode 3.2";
			developmentRegion = English;
			hasScannedForEncodings = 0;
			knownRegions = (
				en,
				Base,
			);
			mainGroup = 299AEF921F3DF1D1004D5E82;
			productRefGroup = 299AEF9C1F3DF1D1004D5E82 /* Products */;
			projectDirPath = "";
			projectRoot = "";
			targets = (
				299AEF9A1F3DF1D1004D5E82 /* ABScheduledLocationManager */,
			);
		};
/* End PBXProject section */

/* Begin PBXResourcesBuildPhase section */
		299AEF991F3DF1D1004D5E82 /* Resources */ = {
			isa = PBXResourcesBuildPhase;
			buildActionMask = 2147483647;
			files = (
				299AEFA91F3DF1D1004D5E82 /* LaunchScreen.storyboard in Resources */,
				299AEFA61F3DF1D1004D5E82 /* Assets.xcassets in Resources */,
				29A0E8E81F44319000A30627 /* ABScheduledLocationManager.podspec in Resources */,
				299AEFA41F3DF1D1004D5E82 /* Main.storyboard in Resources */,
				29A0E8E91F44319000A30627 /* LICENSE in Resources */,
			);
			runOnlyForDeploymentPostprocessing = 0;
		};
/* End PBXResourcesBuildPhase section */

/* Begin PBXSourcesBuildPhase section */
		299AEF971F3DF1D1004D5E82 /* Sources */ = {
			isa = PBXSourcesBuildPhase;
			buildActionMask = 2147483647;
			files = (
				294257691F431FB40045A9DF /* ExampleTableViewController.swift in Sources */,
				299AEFB21F3DF217004D5E82 /* ScheduledLocationManager.swift in Sources */,
				29A0E8EA1F44319000A30627 /* README.md in Sources */,
				299AEF9F1F3DF1D1004D5E82 /* AppDelegate.swift in Sources */,
			);
			runOnlyForDeploymentPostprocessing = 0;
		};
/* End PBXSourcesBuildPhase section */

/* Begin PBXVariantGroup section */
		299AEFA21F3DF1D1004D5E82 /* Main.storyboard */ = {
			isa = PBXVariantGroup;
			children = (
				299AEFA31F3DF1D1004D5E82 /* Base */,
			);
			name = Main.storyboard;
			sourceTree = "<group>";
		};
		299AEFA71F3DF1D1004D5E82 /* LaunchScreen.storyboard */ = {
			isa = PBXVariantGroup;
			children = (
				299AEFA81F3DF1D1004D5E82 /* Base */,
			);
			name = LaunchScreen.storyboard;
			sourceTree = "<group>";
		};
/* End PBXVariantGroup section */

/* Begin XCBuildConfiguration section */
		299AEFAB1F3DF1D1004D5E82 /* Debug */ = {
			isa = XCBuildConfiguration;
			buildSettings = {
				ALWAYS_SEARCH_USER_PATHS = NO;
				CLANG_ANALYZER_NONNULL = YES;
				CLANG_ANALYZER_NUMBER_OBJECT_CONVERSION = YES_AGGRESSIVE;
				CLANG_CXX_LANGUAGE_STANDARD = "gnu++0x";
				CLANG_CXX_LIBRARY = "libc++";
				CLANG_ENABLE_MODULES = YES;
				CLANG_ENABLE_OBJC_ARC = YES;
				CLANG_WARN_BOOL_CONVERSION = YES;
				CLANG_WARN_CONSTANT_CONVERSION = YES;
				CLANG_WARN_DIRECT_OBJC_ISA_USAGE = YES_ERROR;
				CLANG_WARN_DOCUMENTATION_COMMENTS = YES;
				CLANG_WARN_EMPTY_BODY = YES;
				CLANG_WARN_ENUM_CONVERSION = YES;
				CLANG_WARN_INFINITE_RECURSION = YES;
				CLANG_WARN_INT_CONVERSION = YES;
				CLANG_WARN_OBJC_ROOT_CLASS = YES_ERROR;
				CLANG_WARN_SUSPICIOUS_MOVE = YES;
				CLANG_WARN_UNREACHABLE_CODE = YES;
				CLANG_WARN__DUPLICATE_METHOD_MATCH = YES;
				"CODE_SIGN_IDENTITY[sdk=iphoneos*]" = "iPhone Developer";
				COPY_PHASE_STRIP = NO;
				DEBUG_INFORMATION_FORMAT = dwarf;
				ENABLE_STRICT_OBJC_MSGSEND = YES;
				ENABLE_TESTABILITY = YES;
				GCC_C_LANGUAGE_STANDARD = gnu99;
				GCC_DYNAMIC_NO_PIC = NO;
				GCC_NO_COMMON_BLOCKS = YES;
				GCC_OPTIMIZATION_LEVEL = 0;
				GCC_PREPROCESSOR_DEFINITIONS = (
					"DEBUG=1",
					"$(inherited)",
				);
				GCC_WARN_64_TO_32_BIT_CONVERSION = YES;
				GCC_WARN_ABOUT_RETURN_TYPE = YES_ERROR;
				GCC_WARN_UNDECLARED_SELECTOR = YES;
				GCC_WARN_UNINITIALIZED_AUTOS = YES_AGGRESSIVE;
				GCC_WARN_UNUSED_FUNCTION = YES;
				GCC_WARN_UNUSED_VARIABLE = YES;
				IPHONEOS_DEPLOYMENT_TARGET = 10.3;
				MTL_ENABLE_DEBUG_INFO = YES;
				ONLY_ACTIVE_ARCH = YES;
				SDKROOT = iphoneos;
				SWIFT_ACTIVE_COMPILATION_CONDITIONS = DEBUG;
				SWIFT_OPTIMIZATION_LEVEL = "-Onone";
			};
			name = Debug;
		};
		299AEFAC1F3DF1D1004D5E82 /* Release */ = {
			isa = XCBuildConfiguration;
			buildSettings = {
				ALWAYS_SEARCH_USER_PATHS = NO;
				CLANG_ANALYZER_NONNULL = YES;
				CLANG_ANALYZER_NUMBER_OBJECT_CONVERSION = YES_AGGRESSIVE;
				CLANG_CXX_LANGUAGE_STANDARD = "gnu++0x";
				CLANG_CXX_LIBRARY = "libc++";
				CLANG_ENABLE_MODULES = YES;
				CLANG_ENABLE_OBJC_ARC = YES;
				CLANG_WARN_BOOL_CONVERSION = YES;
				CLANG_WARN_CONSTANT_CONVERSION = YES;
				CLANG_WARN_DIRECT_OBJC_ISA_USAGE = YES_ERROR;
				CLANG_WARN_DOCUMENTATION_COMMENTS = YES;
				CLANG_WARN_EMPTY_BODY = YES;
				CLANG_WARN_ENUM_CONVERSION = YES;
				CLANG_WARN_INFINITE_RECURSION = YES;
				CLANG_WARN_INT_CONVERSION = YES;
				CLANG_WARN_OBJC_ROOT_CLASS = YES_ERROR;
				CLANG_WARN_SUSPICIOUS_MOVE = YES;
				CLANG_WARN_UNREACHABLE_CODE = YES;
				CLANG_WARN__DUPLICATE_METHOD_MATCH = YES;
				"CODE_SIGN_IDENTITY[sdk=iphoneos*]" = "iPhone Developer";
				COPY_PHASE_STRIP = NO;
				DEBUG_INFORMATION_FORMAT = "dwarf-with-dsym";
				ENABLE_NS_ASSERTIONS = NO;
				ENABLE_STRICT_OBJC_MSGSEND = YES;
				GCC_C_LANGUAGE_STANDARD = gnu99;
				GCC_NO_COMMON_BLOCKS = YES;
				GCC_WARN_64_TO_32_BIT_CONVERSION = YES;
				GCC_WARN_ABOUT_RETURN_TYPE = YES_ERROR;
				GCC_WARN_UNDECLARED_SELECTOR = YES;
				GCC_WARN_UNINITIALIZED_AUTOS = YES_AGGRESSIVE;
				GCC_WARN_UNUSED_FUNCTION = YES;
				GCC_WARN_UNUSED_VARIABLE = YES;
				IPHONEOS_DEPLOYMENT_TARGET = 10.3;
				MTL_ENABLE_DEBUG_INFO = NO;
				SDKROOT = iphoneos;
				SWIFT_OPTIMIZATION_LEVEL = "-Owholemodule";
				VALIDATE_PRODUCT = YES;
			};
			name = Release;
		};
		299AEFAE1F3DF1D1004D5E82 /* Debug */ = {
			isa = XCBuildConfiguration;
			buildSettings = {
				ASSETCATALOG_COMPILER_APPICON_NAME = AppIcon;
				INFOPLIST_FILE = ABScheduledLocationManager/Info.plist;
				LD_RUNPATH_SEARCH_PATHS = "$(inherited) @executable_path/Frameworks";
				PRODUCT_BUNDLE_IDENTIFIER = com.asifbilal.ABScheduledLocationManager;
				PRODUCT_NAME = "$(TARGET_NAME)";
				SWIFT_VERSION = 3.0;
			};
			name = Debug;
		};
		299AEFAF1F3DF1D1004D5E82 /* Release */ = {
			isa = XCBuildConfiguration;
			buildSettings = {
				ASSETCATALOG_COMPILER_APPICON_NAME = AppIcon;
				INFOPLIST_FILE = ABScheduledLocationManager/Info.plist;
				LD_RUNPATH_SEARCH_PATHS = "$(inherited) @executable_path/Frameworks";
				PRODUCT_BUNDLE_IDENTIFIER = com.asifbilal.ABScheduledLocationManager;
				PRODUCT_NAME = "$(TARGET_NAME)";
				SWIFT_VERSION = 3.0;
			};
			name = Release;
		};
/* End XCBuildConfiguration section */

/* Begin XCConfigurationList section */
		299AEF961F3DF1D1004D5E82 /* Build configuration list for PBXProject "ABScheduledLocationManager" */ = {
			isa = XCConfigurationList;
			buildConfigurations = (
				299AEFAB1F3DF1D1004D5E82 /* Debug */,
				299AEFAC1F3DF1D1004D5E82 /* Release */,
			);
			defaultConfigurationIsVisible = 0;
			defaultConfigurationName = Release;
		};
		299AEFAD1F3DF1D1004D5E82 /* Build configuration list for PBXNativeTarget "ABScheduledLocationManager" */ = {
			isa = XCConfigurationList;
			buildConfigurations = (
				299AEFAE1F3DF1D1004D5E82 /* Debug */,
				299AEFAF1F3DF1D1004D5E82 /* Release */,
			);
			defaultConfigurationIsVisible = 0;
			defaultConfigurationName = Release;
		};
/* End XCConfigurationList section */
	};
	rootObject = 299AEF931F3DF1D1004D5E82 /* Project object */;
}
